
Microsoft Visual Studio Solution File, Format Version 12.00
# Visual Studio Version 17
VisualStudioVersion = 17.6.33829.357
MinimumVisualStudioVersion = 10.0.40219.1
Project("{8BC9CEB8-8B4A-11D0-8D11-00A0C91BC942}") = "WinThread", "WinThread\WinThread.vcxproj", "{847C4921-9A97-4941-BAEF-9204435FF581}"
EndProject
Project("{8BC9CEB8-8B4A-11D0-8D11-00A0C91BC942}") = "WinInterlock", "WinInterlock\WinInterlock.vcxproj", "{AE1E404E-4282-4AB7-BD5F-13BE9B3D3485}"
EndProject
Project("{8BC9CEB8-8B4A-11D0-8D11-00A0C91BC942}") = "WinMutex", "WinMutex\WinMutex.vcxproj", "{156553E7-78AC-420E-8DEB-FD00721150E8}"
EndProject
Project("{8BC9CEB8-8B4A-11D0-8D11-00A0C91BC942}") = "WinEvent", "WinEvent\WinEvent.vcxproj", "{294DC43D-1464-4126-BA80-1EB6C1B67F0A}"
EndProject
Project("{8BC9CEB8-8B4A-11D0-8D11-00A0C91BC942}") = "WinSema", "WinSema\WinSema.vcxproj", "{269B3FDE-A5A6-4B78-9FB5-4CE846E25E62}"
EndProject
Global
	GlobalSection(SolutionConfigurationPlatforms) = preSolution
		Debug|x64 = Debug|x64
		Debug|x86 = Debug|x86
		Release|x64 = Release|x64
		Release|x86 = Release|x86
	EndGlobalSection
	GlobalSection(ProjectConfigurationPlatforms) = postSolution
		{847C4921-9A97-4941-BAEF-9204435FF581}.Debug|x64.ActiveCfg = Debug|x64
		{847C4921-9A97-4941-BAEF-9204435FF581}.Debug|x64.Build.0 = Debug|x64
		{847C4921-9A97-4941-BAEF-9204435FF581}.Debug|x86.ActiveCfg = Debug|Win32
		{847C4921-9A97-4941-BAEF-9204435FF581}.Debug|x86.Build.0 = Debug|Win32
		{847C4921-9A97-4941-BAEF-9204435FF581}.Release|x64.ActiveCfg = Release|x64
		{847C4921-9A97-4941-BAEF-9204435FF581}.Release|x64.Build.0 = Release|x64
		{847C4921-9A97-4941-BAEF-9204435FF581}.Release|x86.ActiveCfg = Release|Win32
		{847C4921-9A97-4941-BAEF-9204435FF581}.Release|x86.Build.0 = Release|Win32
		{AE1E404E-4282-4AB7-BD5F-13BE9B3D3485}.Debug|x64.ActiveCfg = Debug|x64
		{AE1E404E-4282-4AB7-BD5F-13BE9B3D3485}.Debug|x64.Build.0 = Debug|x64
		{AE1E404E-4282-4AB7-BD5F-13BE9B3D3485}.Debug|x86.ActiveCfg = Debug|Win32
		{AE1E404E-4282-4AB7-BD5F-13BE9B3D3485}.Debug|x86.Build.0 = Debug|Win32
		{AE1E404E-4282-4AB7-BD5F-13BE9B3D3485}.Release|x64.ActiveCfg = Release|x64
		{AE1E404E-4282-4AB7-BD5F-13BE9B3D3485}.Release|x64.Build.0 = Release|x64
		{AE1E404E-4282-4AB7-BD5F-13BE9B3D3485}.Release|x86.ActiveCfg = Release|Win32
		{AE1E404E-4282-4AB7-BD5F-13BE9B3D3485}.Release|x86.Build.0 = Release|Win32
		{156553E7-78AC-420E-8DEB-FD00721150E8}.Debug|x64.ActiveCfg = Debug|x64
		{156553E7-78AC-420E-8DEB-FD00721150E8}.Debug|x64.Build.0 = Debug|x64
		{156553E7-78AC-420E-8DEB-FD00721150E8}.Debug|x86.ActiveCfg = Debug|Win32
		{156553E7-78AC-420E-8DEB-FD00721150E8}.Debug|x86.Build.0 = Debug|Win32
		{156553E7-78AC-420E-8DEB-FD00721150E8}.Release|x64.ActiveCfg = Release|x64
		{156553E7-78AC-420E-8DEB-FD00721150E8}.Release|x64.Build.0 = Release|x64
		{156553E7-78AC-420E-8DEB-FD00721150E8}.Release|x86.ActiveCfg = Release|Win32
		{156553E7-78AC-420E-8DEB-FD00721150E8}.Release|x86.Build.0 = Release|Win32
		{294DC43D-1464-4126-BA80-1EB6C1B67F0A}.Debug|x64.ActiveCfg = Debug|x64
		{294DC43D-1464-4126-BA80-1EB6C1B67F0A}.Debug|x64.Build.0 = Debug|x64
		{294DC43D-1464-4126-BA80-1EB6C1B67F0A}.Debug|x86.ActiveCfg = Debug|Win32
		{294DC43D-1464-4126-BA80-1EB6C1B67F0A}.Debug|x86.Build.0 = Debug|Win32
		{294DC43D-1464-4126-BA80-1EB6C1B67F0A}.Release|x64.ActiveCfg = Release|x64
		{294DC43D-1464-4126-BA80-1EB6C1B67F0A}.Release|x64.Build.0 = Release|x64
		{294DC43D-1464-4126-BA80-1EB6C1B67F0A}.Release|x86.ActiveCfg = Release|Win32
		{294DC43D-1464-4126-BA80-1EB6C1B67F0A}.Release|x86.Build.0 = Release|Win32
		{269B3FDE-A5A6-4B78-9FB5-4CE846E25E62}.Debug|x64.ActiveCfg = Debug|x64
		{269B3FDE-A5A6-4B78-9FB5-4CE846E25E62}.Debug|x64.Build.0 = Debug|x64
		{269B3FDE-A5A6-4B78-9FB5-4CE846E25E62}.Debug|x86.ActiveCfg = Debug|Win32
		{269B3FDE-A5A6-4B78-9FB5-4CE846E25E62}.Debug|x86.Build.0 = Debug|Win32
		{269B3FDE-A5A6-4B78-9FB5-4CE846E25E62}.Release|x64.ActiveCfg = Release|x64
		{269B3FDE-A5A6-4B78-9FB5-4CE846E25E62}.Release|x64.Build.0 = Release|x64
		{269B3FDE-A5A6-4B78-9FB5-4CE846E25E62}.Release|x86.ActiveCfg = Release|Win32
		{269B3FDE-A5A6-4B78-9FB5-4CE846E25E62}.Release|x86.Build.0 = Release|Win32
	EndGlobalSection
	GlobalSection(SolutionProperties) = preSolution
		HideSolutionNode = FALSE
	EndGlobalSection
	GlobalSection(ExtensibilityGlobals) = postSolution
		SolutionGuid = {EFCEE4F0-EAB1-4680-8BAF-0A381EB13BD9}
	EndGlobalSection
EndGlobal
