
Microsoft Visual Studio Solution File, Format Version 12.00
# Visual Studio Version 17
VisualStudioVersion = 17.6.33829.357
MinimumVisualStudioVersion = 10.0.40219.1
Project("{8BC9CEB8-8B4A-11D0-8D11-00A0C91BC942}") = "WinPaint", "WinPaint\WinPaint.vcxproj", "{3419E499-993E-4738-A812-D196F1FDB99B}"
EndProject
Project("{8BC9CEB8-8B4A-11D0-8D11-00A0C91BC942}") = "WinKey", "WinKey\WinKey.vcxproj", "{0255CFC3-FBA8-4547-8D57-62CAB1300FCE}"
EndProject
Project("{8BC9CEB8-8B4A-11D0-8D11-00A0C91BC942}") = "WinMouse", "WinMouse\WinMouse.vcxproj", "{8A7AE63A-D1B1-4D31-866B-3752A0A358D5}"
EndProject
Project("{8BC9CEB8-8B4A-11D0-8D11-00A0C91BC942}") = "WinTimer", "WinTimer\WinTimer.vcxproj", "{3CECD9E3-00BE-46EC-96B1-547D040A8726}"
EndProject
Project("{8BC9CEB8-8B4A-11D0-8D11-00A0C91BC942}") = "WinMenu", "WinMenu\WinMenu.vcxproj", "{1CBA1B9A-D17B-4A3D-A622-B3C8FE0963ED}"
EndProject
Global
	GlobalSection(SolutionConfigurationPlatforms) = preSolution
		Debug|x64 = Debug|x64
		Debug|x86 = Debug|x86
		Release|x64 = Release|x64
		Release|x86 = Release|x86
	EndGlobalSection
	GlobalSection(ProjectConfigurationPlatforms) = postSolution
		{3419E499-993E-4738-A812-D196F1FDB99B}.Debug|x64.ActiveCfg = Debug|x64
		{3419E499-993E-4738-A812-D196F1FDB99B}.Debug|x64.Build.0 = Debug|x64
		{3419E499-993E-4738-A812-D196F1FDB99B}.Debug|x86.ActiveCfg = Debug|Win32
		{3419E499-993E-4738-A812-D196F1FDB99B}.Debug|x86.Build.0 = Debug|Win32
		{3419E499-993E-4738-A812-D196F1FDB99B}.Release|x64.ActiveCfg = Release|x64
		{3419E499-993E-4738-A812-D196F1FDB99B}.Release|x64.Build.0 = Release|x64
		{3419E499-993E-4738-A812-D196F1FDB99B}.Release|x86.ActiveCfg = Release|Win32
		{3419E499-993E-4738-A812-D196F1FDB99B}.Release|x86.Build.0 = Release|Win32
		{0255CFC3-FBA8-4547-8D57-62CAB1300FCE}.Debug|x64.ActiveCfg = Debug|x64
		{0255CFC3-FBA8-4547-8D57-62CAB1300FCE}.Debug|x64.Build.0 = Debug|x64
		{0255CFC3-FBA8-4547-8D57-62CAB1300FCE}.Debug|x86.ActiveCfg = Debug|Win32
		{0255CFC3-FBA8-4547-8D57-62CAB1300FCE}.Debug|x86.Build.0 = Debug|Win32
		{0255CFC3-FBA8-4547-8D57-62CAB1300FCE}.Release|x64.ActiveCfg = Release|x64
		{0255CFC3-FBA8-4547-8D57-62CAB1300FCE}.Release|x64.Build.0 = Release|x64
		{0255CFC3-FBA8-4547-8D57-62CAB1300FCE}.Release|x86.ActiveCfg = Release|Win32
		{0255CFC3-FBA8-4547-8D57-62CAB1300FCE}.Release|x86.Build.0 = Release|Win32
		{8A7AE63A-D1B1-4D31-866B-3752A0A358D5}.Debug|x64.ActiveCfg = Debug|x64
		{8A7AE63A-D1B1-4D31-866B-3752A0A358D5}.Debug|x64.Build.0 = Debug|x64
		{8A7AE63A-D1B1-4D31-866B-3752A0A358D5}.Debug|x86.ActiveCfg = Debug|Win32
		{8A7AE63A-D1B1-4D31-866B-3752A0A358D5}.Debug|x86.Build.0 = Debug|Win32
		{8A7AE63A-D1B1-4D31-866B-3752A0A358D5}.Release|x64.ActiveCfg = Release|x64
		{8A7AE63A-D1B1-4D31-866B-3752A0A358D5}.Release|x64.Build.0 = Release|x64
		{8A7AE63A-D1B1-4D31-866B-3752A0A358D5}.Release|x86.ActiveCfg = Release|Win32
		{8A7AE63A-D1B1-4D31-866B-3752A0A358D5}.Release|x86.Build.0 = Release|Win32
		{3CECD9E3-00BE-46EC-96B1-547D040A8726}.Debug|x64.ActiveCfg = Debug|x64
		{3CECD9E3-00BE-46EC-96B1-547D040A8726}.Debug|x64.Build.0 = Debug|x64
		{3CECD9E3-00BE-46EC-96B1-547D040A8726}.Debug|x86.ActiveCfg = Debug|Win32
		{3CECD9E3-00BE-46EC-96B1-547D040A8726}.Debug|x86.Build.0 = Debug|Win32
		{3CECD9E3-00BE-46EC-96B1-547D040A8726}.Release|x64.ActiveCfg = Release|x64
		{3CECD9E3-00BE-46EC-96B1-547D040A8726}.Release|x64.Build.0 = Release|x64
		{3CECD9E3-00BE-46EC-96B1-547D040A8726}.Release|x86.ActiveCfg = Release|Win32
		{3CECD9E3-00BE-46EC-96B1-547D040A8726}.Release|x86.Build.0 = Release|Win32
		{1CBA1B9A-D17B-4A3D-A622-B3C8FE0963ED}.Debug|x64.ActiveCfg = Debug|x64
		{1CBA1B9A-D17B-4A3D-A622-B3C8FE0963ED}.Debug|x64.Build.0 = Debug|x64
		{1CBA1B9A-D17B-4A3D-A622-B3C8FE0963ED}.Debug|x86.ActiveCfg = Debug|Win32
		{1CBA1B9A-D17B-4A3D-A622-B3C8FE0963ED}.Debug|x86.Build.0 = Debug|Win32
		{1CBA1B9A-D17B-4A3D-A622-B3C8FE0963ED}.Release|x64.ActiveCfg = Release|x64
		{1CBA1B9A-D17B-4A3D-A622-B3C8FE0963ED}.Release|x64.Build.0 = Release|x64
		{1CBA1B9A-D17B-4A3D-A622-B3C8FE0963ED}.Release|x86.ActiveCfg = Release|Win32
		{1CBA1B9A-D17B-4A3D-A622-B3C8FE0963ED}.Release|x86.Build.0 = Release|Win32
	EndGlobalSection
	GlobalSection(SolutionProperties) = preSolution
		HideSolutionNode = FALSE
	EndGlobalSection
	GlobalSection(ExtensibilityGlobals) = postSolution
		SolutionGuid = {27ED92F7-F988-45D2-A3E1-F9297436BBC3}
	EndGlobalSection
EndGlobal
